
Microsoft Visual Studio Solution File, Format Version 11.00
# Visual Studio 2010
Project("{FAE04EC0-301F-11D3-BF4B-00C04F79EFBC}") = "AR1", "Assembly-CSharp.csproj", "{64420691-4042-2CC0-A0CF-A4ADF46D608D}"
EndProject
Project("{FAE04EC0-301F-11D3-BF4B-00C04F79EFBC}") = "AR1", "Assembly-CSharp-Editor.csproj", "{8878CA2B-1649-A651-BF26-8F5C141974D8}"
EndProject
Global
	GlobalSection(SolutionConfigurationPlatforms) = preSolution
		Debug|Any CPU = Debug|Any CPU
		Release|Any CPU = Release|Any CPU
	EndGlobalSection
	GlobalSection(ProjectConfigurationPlatforms) = postSolution
		{64420691-4042-2CC0-A0CF-A4ADF46D608D}.Debug|Any CPU.ActiveCfg = Debug|Any CPU
		{64420691-4042-2CC0-A0CF-A4ADF46D608D}.Debug|Any CPU.Build.0 = Debug|Any CPU
		{64420691-4042-2CC0-A0CF-A4ADF46D608D}.Release|Any CPU.ActiveCfg = Release|Any CPU
		{64420691-4042-2CC0-A0CF-A4ADF46D608D}.Release|Any CPU.Build.0 = Release|Any CPU
		{8878CA2B-1649-A651-BF26-8F5C141974D8}.Debug|Any CPU.ActiveCfg = Debug|Any CPU
		{8878CA2B-1649-A651-BF26-8F5C141974D8}.Debug|Any CPU.Build.0 = Debug|Any CPU
		{8878CA2B-1649-A651-BF26-8F5C141974D8}.Release|Any CPU.ActiveCfg = Release|Any CPU
		{8878CA2B-1649-A651-BF26-8F5C141974D8}.Release|Any CPU.Build.0 = Release|Any CPU
	EndGlobalSection
	GlobalSection(SolutionProperties) = preSolution
		HideSolutionNode = FALSE
	EndGlobalSection
	GlobalSection(MonoDevelopProperties) = preSolution
		StartupItem = Assembly-CSharp.csproj
	EndGlobalSection
EndGlobal
