
Microsoft Visual Studio Solution File, Format Version 12.00
# Visual Studio 14
VisualStudioVersion = 14.0.25420.1
MinimumVisualStudioVersion = 10.0.40219.1
Project("{FAE04EC0-301F-11D3-BF4B-00C04F79EFBC}") = "CFD3D", "CFD3D\CFD3D.csproj", "{13A45C13-3265-47B8-BC48-A553B569DF55}"
EndProject
Project("{FAE04EC0-301F-11D3-BF4B-00C04F79EFBC}") = "Assembly-CSharp", "D:\Google Drive\_House Zero\0626_Heat Map + MQTT + Git\house_zero_unity_git\house_zero\app_test\CFD3D\GeneratedProjects\UWP\Assembly-CSharp\Assembly-CSharp.csproj", "{BAB3CE23-B945-4BF9-8176-1026D3135A24}"
EndProject
Project("{FAE04EC0-301F-11D3-BF4B-00C04F79EFBC}") = "Assembly-CSharp-firstpass", "D:\Google Drive\_House Zero\0626_Heat Map + MQTT + Git\house_zero_unity_git\house_zero\app_test\CFD3D\GeneratedProjects\UWP\Assembly-CSharp-firstpass\Assembly-CSharp-firstpass.csproj", "{CD8A5F62-8FCD-4B4C-A964-6BC5F68C2421}"
EndProject
Global
	GlobalSection(SolutionConfigurationPlatforms) = preSolution
		Debug|ARM = Debug|ARM
		Debug|x64 = Debug|x64
		Debug|x86 = Debug|x86
		Master|ARM = Master|ARM
		Master|x64 = Master|x64
		Master|x86 = Master|x86
		Release|ARM = Release|ARM
		Release|x64 = Release|x64
		Release|x86 = Release|x86
	EndGlobalSection
	GlobalSection(ProjectConfigurationPlatforms) = postSolution
		{13A45C13-3265-47B8-BC48-A553B569DF55}.Debug|ARM.ActiveCfg = Debug|ARM
		{13A45C13-3265-47B8-BC48-A553B569DF55}.Debug|ARM.Build.0 = Debug|ARM
		{13A45C13-3265-47B8-BC48-A553B569DF55}.Debug|ARM.Deploy.0 = Debug|ARM
		{13A45C13-3265-47B8-BC48-A553B569DF55}.Debug|x64.ActiveCfg = Debug|x64
		{13A45C13-3265-47B8-BC48-A553B569DF55}.Debug|x64.Build.0 = Debug|x64
		{13A45C13-3265-47B8-BC48-A553B569DF55}.Debug|x64.Deploy.0 = Debug|x64
		{13A45C13-3265-47B8-BC48-A553B569DF55}.Debug|x86.ActiveCfg = Debug|x86
		{13A45C13-3265-47B8-BC48-A553B569DF55}.Debug|x86.Build.0 = Debug|x86
		{13A45C13-3265-47B8-BC48-A553B569DF55}.Debug|x86.Deploy.0 = Debug|x86
		{13A45C13-3265-47B8-BC48-A553B569DF55}.Master|ARM.ActiveCfg = Master|ARM
		{13A45C13-3265-47B8-BC48-A553B569DF55}.Master|ARM.Build.0 = Master|ARM
		{13A45C13-3265-47B8-BC48-A553B569DF55}.Master|ARM.Deploy.0 = Master|ARM
		{13A45C13-3265-47B8-BC48-A553B569DF55}.Master|x64.ActiveCfg = Master|x64
		{13A45C13-3265-47B8-BC48-A553B569DF55}.Master|x64.Build.0 = Master|x64
		{13A45C13-3265-47B8-BC48-A553B569DF55}.Master|x64.Deploy.0 = Master|x64
		{13A45C13-3265-47B8-BC48-A553B569DF55}.Master|x86.ActiveCfg = Master|x86
		{13A45C13-3265-47B8-BC48-A553B569DF55}.Master|x86.Build.0 = Master|x86
		{13A45C13-3265-47B8-BC48-A553B569DF55}.Master|x86.Deploy.0 = Master|x86
		{13A45C13-3265-47B8-BC48-A553B569DF55}.Release|ARM.ActiveCfg = Release|ARM
		{13A45C13-3265-47B8-BC48-A553B569DF55}.Release|ARM.Build.0 = Release|ARM
		{13A45C13-3265-47B8-BC48-A553B569DF55}.Release|ARM.Deploy.0 = Release|ARM
		{13A45C13-3265-47B8-BC48-A553B569DF55}.Release|x64.ActiveCfg = Release|x64
		{13A45C13-3265-47B8-BC48-A553B569DF55}.Release|x64.Build.0 = Release|x64
		{13A45C13-3265-47B8-BC48-A553B569DF55}.Release|x64.Deploy.0 = Release|x64
		{13A45C13-3265-47B8-BC48-A553B569DF55}.Release|x86.ActiveCfg = Release|x86
		{13A45C13-3265-47B8-BC48-A553B569DF55}.Release|x86.Build.0 = Release|x86
		{13A45C13-3265-47B8-BC48-A553B569DF55}.Release|x86.Deploy.0 = Release|x86
		{BAB3CE23-B945-4BF9-8176-1026D3135A24}.Debug|ARM.ActiveCfg = Debug|ARM
		{BAB3CE23-B945-4BF9-8176-1026D3135A24}.Debug|ARM.Build.0 = Debug|ARM
		{BAB3CE23-B945-4BF9-8176-1026D3135A24}.Debug|x64.ActiveCfg = Debug|x64
		{BAB3CE23-B945-4BF9-8176-1026D3135A24}.Debug|x64.Build.0 = Debug|x64
		{BAB3CE23-B945-4BF9-8176-1026D3135A24}.Debug|x86.ActiveCfg = Debug|x86
		{BAB3CE23-B945-4BF9-8176-1026D3135A24}.Debug|x86.Build.0 = Debug|x86
		{BAB3CE23-B945-4BF9-8176-1026D3135A24}.Master|ARM.ActiveCfg = Master|ARM
		{BAB3CE23-B945-4BF9-8176-1026D3135A24}.Master|ARM.Build.0 = Master|ARM
		{BAB3CE23-B945-4BF9-8176-1026D3135A24}.Master|x64.ActiveCfg = Master|x64
		{BAB3CE23-B945-4BF9-8176-1026D3135A24}.Master|x64.Build.0 = Master|x64
		{BAB3CE23-B945-4BF9-8176-1026D3135A24}.Master|x86.ActiveCfg = Master|x86
		{BAB3CE23-B945-4BF9-8176-1026D3135A24}.Master|x86.Build.0 = Master|x86
		{BAB3CE23-B945-4BF9-8176-1026D3135A24}.Release|ARM.ActiveCfg = Release|ARM
		{BAB3CE23-B945-4BF9-8176-1026D3135A24}.Release|ARM.Build.0 = Release|ARM
		{BAB3CE23-B945-4BF9-8176-1026D3135A24}.Release|x64.ActiveCfg = Release|x64
		{BAB3CE23-B945-4BF9-8176-1026D3135A24}.Release|x64.Build.0 = Release|x64
		{BAB3CE23-B945-4BF9-8176-1026D3135A24}.Release|x86.ActiveCfg = Release|x86
		{BAB3CE23-B945-4BF9-8176-1026D3135A24}.Release|x86.Build.0 = Release|x86
		{CD8A5F62-8FCD-4B4C-A964-6BC5F68C2421}.Debug|ARM.ActiveCfg = Debug|ARM
		{CD8A5F62-8FCD-4B4C-A964-6BC5F68C2421}.Debug|ARM.Build.0 = Debug|ARM
		{CD8A5F62-8FCD-4B4C-A964-6BC5F68C2421}.Debug|x64.ActiveCfg = Debug|x64
		{CD8A5F62-8FCD-4B4C-A964-6BC5F68C2421}.Debug|x64.Build.0 = Debug|x64
		{CD8A5F62-8FCD-4B4C-A964-6BC5F68C2421}.Debug|x86.ActiveCfg = Debug|x86
		{CD8A5F62-8FCD-4B4C-A964-6BC5F68C2421}.Debug|x86.Build.0 = Debug|x86
		{CD8A5F62-8FCD-4B4C-A964-6BC5F68C2421}.Master|ARM.ActiveCfg = Master|ARM
		{CD8A5F62-8FCD-4B4C-A964-6BC5F68C2421}.Master|ARM.Build.0 = Master|ARM
		{CD8A5F62-8FCD-4B4C-A964-6BC5F68C2421}.Master|x64.ActiveCfg = Master|x64
		{CD8A5F62-8FCD-4B4C-A964-6BC5F68C2421}.Master|x64.Build.0 = Master|x64
		{CD8A5F62-8FCD-4B4C-A964-6BC5F68C2421}.Master|x86.ActiveCfg = Master|x86
		{CD8A5F62-8FCD-4B4C-A964-6BC5F68C2421}.Master|x86.Build.0 = Master|x86
		{CD8A5F62-8FCD-4B4C-A964-6BC5F68C2421}.Release|ARM.ActiveCfg = Release|ARM
		{CD8A5F62-8FCD-4B4C-A964-6BC5F68C2421}.Release|ARM.Build.0 = Release|ARM
		{CD8A5F62-8FCD-4B4C-A964-6BC5F68C2421}.Release|x64.ActiveCfg = Release|x64
		{CD8A5F62-8FCD-4B4C-A964-6BC5F68C2421}.Release|x64.Build.0 = Release|x64
		{CD8A5F62-8FCD-4B4C-A964-6BC5F68C2421}.Release|x86.ActiveCfg = Release|x86
		{CD8A5F62-8FCD-4B4C-A964-6BC5F68C2421}.Release|x86.Build.0 = Release|x86
	EndGlobalSection
	GlobalSection(SolutionProperties) = preSolution
		HideSolutionNode = FALSE
	EndGlobalSection
EndGlobal
